
Microsoft Visual Studio Solution File, Format Version 12.00
# Visual Studio Version 17
VisualStudioVersion = 17.7.34003.232
MinimumVisualStudioVersion = 10.0.40219.1
Project("{2150E333-8FDC-42A3-9474-1A3956D46DE8}") = "src", "src", "{5BB0811C-F588-4F5A-82D1-D11DBBE46903}"
EndProject
Project("{2150E333-8FDC-42A3-9474-1A3956D46DE8}") = "tests", "tests", "{8A8D4AD9-0E81-483F-B37D-3C459CD9C85C}"
EndProject
Project("{2150E333-8FDC-42A3-9474-1A3956D46DE8}") = "API", "API", "{AEB4C4B6-0B9D-48D7-8C71-3C624386992F}"
EndProject
Project("{2150E333-8FDC-42A3-9474-1A3956D46DE8}") = "Core", "Core", "{C390BD3B-C12F-4D4C-8DF7-CDCFDA0BFDC9}"
EndProject
Project("{2150E333-8FDC-42A3-9474-1A3956D46DE8}") = "Infrastucture", "Infrastucture", "{4F04A469-D476-42E8-8C5A-4A5A2281D608}"
EndProject
Project("{2150E333-8FDC-42A3-9474-1A3956D46DE8}") = "UI", "UI", "{E0875E52-B2D7-40EC-A11B-7D6BFAE3029B}"
EndProject
Project("{9A19103F-16F7-4668-BE54-9A1E7A4F7556}") = "World.Domain", "World.Domain\World.Domain.csproj", "{46B68E7C-0E88-4306-8FCC-9A7EDF0E0255}"
EndProject
Project("{9A19103F-16F7-4668-BE54-9A1E7A4F7556}") = "World.Application", "World.Application\World.Application.csproj", "{3EF3149D-D7FA-4F38-ACA9-94E95F63514A}"
EndProject
Project("{9A19103F-16F7-4668-BE54-9A1E7A4F7556}") = "World.Persistence", "World.Persistence\World.Persistence.csproj", "{C593D278-4B52-4DEA-AA5F-BE9BC719E3D9}"
EndProject
Project("{9A19103F-16F7-4668-BE54-9A1E7A4F7556}") = "World.Infrastucture", "World.Infrastucture\World.Infrastucture.csproj", "{C3EA8C69-179A-427F-A20A-A60D7ACF5E14}"
EndProject
Project("{9A19103F-16F7-4668-BE54-9A1E7A4F7556}") = "World.API", "World.API\World.API.csproj", "{CD804655-AEF3-4AB8-889D-DE4A1BA2B4A0}"
EndProject
Project("{9A19103F-16F7-4668-BE54-9A1E7A4F7556}") = "World.MVC", "World.MVC\World.MVC.csproj", "{CB278251-94AD-4AE0-ABAF-B741A6E3C627}"
EndProject
Project("{FAE04EC0-301F-11D3-BF4B-00C04F79EFBC}") = "World.Identity", "World.Identity\World.Identity.csproj", "{0B94671F-4D82-4DD9-A6CF-D9AE8DC0BDA3}"
EndProject
Global
	GlobalSection(SolutionConfigurationPlatforms) = preSolution
		Debug|Any CPU = Debug|Any CPU
		Release|Any CPU = Release|Any CPU
	EndGlobalSection
	GlobalSection(ProjectConfigurationPlatforms) = postSolution
		{46B68E7C-0E88-4306-8FCC-9A7EDF0E0255}.Debug|Any CPU.ActiveCfg = Debug|Any CPU
		{46B68E7C-0E88-4306-8FCC-9A7EDF0E0255}.Debug|Any CPU.Build.0 = Debug|Any CPU
		{46B68E7C-0E88-4306-8FCC-9A7EDF0E0255}.Release|Any CPU.ActiveCfg = Release|Any CPU
		{46B68E7C-0E88-4306-8FCC-9A7EDF0E0255}.Release|Any CPU.Build.0 = Release|Any CPU
		{3EF3149D-D7FA-4F38-ACA9-94E95F63514A}.Debug|Any CPU.ActiveCfg = Debug|Any CPU
		{3EF3149D-D7FA-4F38-ACA9-94E95F63514A}.Debug|Any CPU.Build.0 = Debug|Any CPU
		{3EF3149D-D7FA-4F38-ACA9-94E95F63514A}.Release|Any CPU.ActiveCfg = Release|Any CPU
		{3EF3149D-D7FA-4F38-ACA9-94E95F63514A}.Release|Any CPU.Build.0 = Release|Any CPU
		{C593D278-4B52-4DEA-AA5F-BE9BC719E3D9}.Debug|Any CPU.ActiveCfg = Debug|Any CPU
		{C593D278-4B52-4DEA-AA5F-BE9BC719E3D9}.Debug|Any CPU.Build.0 = Debug|Any CPU
		{C593D278-4B52-4DEA-AA5F-BE9BC719E3D9}.Release|Any CPU.ActiveCfg = Release|Any CPU
		{C593D278-4B52-4DEA-AA5F-BE9BC719E3D9}.Release|Any CPU.Build.0 = Release|Any CPU
		{C3EA8C69-179A-427F-A20A-A60D7ACF5E14}.Debug|Any CPU.ActiveCfg = Debug|Any CPU
		{C3EA8C69-179A-427F-A20A-A60D7ACF5E14}.Debug|Any CPU.Build.0 = Debug|Any CPU
		{C3EA8C69-179A-427F-A20A-A60D7ACF5E14}.Release|Any CPU.ActiveCfg = Release|Any CPU
		{C3EA8C69-179A-427F-A20A-A60D7ACF5E14}.Release|Any CPU.Build.0 = Release|Any CPU
		{CD804655-AEF3-4AB8-889D-DE4A1BA2B4A0}.Debug|Any CPU.ActiveCfg = Debug|Any CPU
		{CD804655-AEF3-4AB8-889D-DE4A1BA2B4A0}.Debug|Any CPU.Build.0 = Debug|Any CPU
		{CD804655-AEF3-4AB8-889D-DE4A1BA2B4A0}.Release|Any CPU.ActiveCfg = Release|Any CPU
		{CD804655-AEF3-4AB8-889D-DE4A1BA2B4A0}.Release|Any CPU.Build.0 = Release|Any CPU
		{CB278251-94AD-4AE0-ABAF-B741A6E3C627}.Debug|Any CPU.ActiveCfg = Debug|Any CPU
		{CB278251-94AD-4AE0-ABAF-B741A6E3C627}.Debug|Any CPU.Build.0 = Debug|Any CPU
		{CB278251-94AD-4AE0-ABAF-B741A6E3C627}.Release|Any CPU.ActiveCfg = Release|Any CPU
		{CB278251-94AD-4AE0-ABAF-B741A6E3C627}.Release|Any CPU.Build.0 = Release|Any CPU
		{0B94671F-4D82-4DD9-A6CF-D9AE8DC0BDA3}.Debug|Any CPU.ActiveCfg = Debug|Any CPU
		{0B94671F-4D82-4DD9-A6CF-D9AE8DC0BDA3}.Debug|Any CPU.Build.0 = Debug|Any CPU
		{0B94671F-4D82-4DD9-A6CF-D9AE8DC0BDA3}.Release|Any CPU.ActiveCfg = Release|Any CPU
		{0B94671F-4D82-4DD9-A6CF-D9AE8DC0BDA3}.Release|Any CPU.Build.0 = Release|Any CPU
	EndGlobalSection
	GlobalSection(SolutionProperties) = preSolution
		HideSolutionNode = FALSE
	EndGlobalSection
	GlobalSection(NestedProjects) = preSolution
		{AEB4C4B6-0B9D-48D7-8C71-3C624386992F} = {5BB0811C-F588-4F5A-82D1-D11DBBE46903}
		{C390BD3B-C12F-4D4C-8DF7-CDCFDA0BFDC9} = {5BB0811C-F588-4F5A-82D1-D11DBBE46903}
		{4F04A469-D476-42E8-8C5A-4A5A2281D608} = {5BB0811C-F588-4F5A-82D1-D11DBBE46903}
		{E0875E52-B2D7-40EC-A11B-7D6BFAE3029B} = {5BB0811C-F588-4F5A-82D1-D11DBBE46903}
		{46B68E7C-0E88-4306-8FCC-9A7EDF0E0255} = {C390BD3B-C12F-4D4C-8DF7-CDCFDA0BFDC9}
		{3EF3149D-D7FA-4F38-ACA9-94E95F63514A} = {C390BD3B-C12F-4D4C-8DF7-CDCFDA0BFDC9}
		{C593D278-4B52-4DEA-AA5F-BE9BC719E3D9} = {4F04A469-D476-42E8-8C5A-4A5A2281D608}
		{C3EA8C69-179A-427F-A20A-A60D7ACF5E14} = {4F04A469-D476-42E8-8C5A-4A5A2281D608}
		{CD804655-AEF3-4AB8-889D-DE4A1BA2B4A0} = {AEB4C4B6-0B9D-48D7-8C71-3C624386992F}
		{CB278251-94AD-4AE0-ABAF-B741A6E3C627} = {E0875E52-B2D7-40EC-A11B-7D6BFAE3029B}
		{0B94671F-4D82-4DD9-A6CF-D9AE8DC0BDA3} = {4F04A469-D476-42E8-8C5A-4A5A2281D608}
	EndGlobalSection
	GlobalSection(ExtensibilityGlobals) = postSolution
		SolutionGuid = {803AD142-2DE3-4A44-97F7-F1698A19EEB9}
	EndGlobalSection
EndGlobal
